<?xml version="1.0" encoding="UTF-8"?>
<Scheme
   LastUpgradeVersion = "1300"
   version = "1.3">
   <BuildAction
      parallelizeBuildables = "YES"
      buildImplicitDependencies = "YES">
      <BuildActionEntries>
         <BuildActionEntry
            buildForTesting = "YES"
            buildForRunning = "YES"
            buildForProfiling = "YES"
            buildForArchiving = "YES"
            buildForAnalyzing = "YES">
            <BuildableReference
               BuildableIdentifier = "primary"
               BlueprintIdentifier = "B189EA79272249F60075EA55"
               BuildableName = "ocgdb"
               BlueprintName = "ocgdb"
               ReferencedContainer = "container:ocgdb.xcodeproj">
            </BuildableReference>
         </BuildActionEntry>
      </BuildActionEntries>
   </BuildAction>
   <TestAction
      buildConfiguration = "Debug"
      selectedDebuggerIdentifier = "Xcode.DebuggerFoundation.Debugger.LLDB"
      selectedLauncherIdentifier = "Xcode.DebuggerFoundation.Launcher.LLDB"
      shouldUseLaunchSchemeArgsEnv = "YES">
      <Testables>
      </Testables>
   </TestAction>
   <LaunchAction
      buildConfiguration = "Debug"
      selectedDebuggerIdentifier = "Xcode.DebuggerFoundation.Debugger.LLDB"
      selectedLauncherIdentifier = "Xcode.DebuggerFoundation.Launcher.LLDB"
      launchStyle = "0"
      useCustomWorkingDirectory = "NO"
      ignoresPersistentStateOnLaunch = "NO"
      debugDocumentVersioning = "YES"
      debugServiceExtension = "internal"
      allowLocationSimulation = "YES">
      <BuildableProductRunnable
         runnableDebuggingMode = "0">
         <BuildableReference
            BuildableIdentifier = "primary"
            BlueprintIdentifier = "B189EA79272249F60075EA55"
            BuildableName = "ocgdb"
            BlueprintName = "ocgdb"
            ReferencedContainer = "container:ocgdb.xcodeproj">
         </BuildableReference>
      </BuildableProductRunnable>
      <CommandLineArguments>
         <CommandLineArgument
            argument = "-pgn /Users/nguyenpham/bsg/BanksiaMatch/db/Carlsen.pgn"
            isEnabled = "NO">
         </CommandLineArgument>
         <CommandLineArgument
            argument = "-db /Users/nguyenpham/Downloads/carlsen.ocgdb.db3"
            isEnabled = "NO">
         </CommandLineArgument>
         <CommandLineArgument
            argument = "-pgn /Users/nguyenpham/Downloads/one_embeded_game.pgn"
            isEnabled = "NO">
         </CommandLineArgument>
         <CommandLineArgument
            argument = "-db /Users/nguyenpham/Downloads/one_embeded_game.db3"
            isEnabled = "NO">
         </CommandLineArgument>
         <CommandLineArgument
            argument = "-export"
            isEnabled = "NO">
         </CommandLineArgument>
         <CommandLineArgument
            argument = "-pgn /Users/nguyenpham/Downloads/middleg.pgn"
            isEnabled = "NO">
         </CommandLineArgument>
         <CommandLineArgument
            argument = "-db /Users/nguyenpham/Downloads/middleg.ocgdb.db3"
            isEnabled = "NO">
         </CommandLineArgument>
         <CommandLineArgument
            argument = "-pgn /Users/nguyenpham/Downloads/not_find_duplicates.pgn"
            isEnabled = "NO">
         </CommandLineArgument>
         <CommandLineArgument
            argument = "-db /Users/nguyenpham/Downloads/not_find_duplicates.ocgdb.db3"
            isEnabled = "NO">
         </CommandLineArgument>
         <CommandLineArgument
            argument = "-pgn /Users/nguyenpham/Downloads/carlsen.ocgdb.db3.pgn"
            isEnabled = "NO">
         </CommandLineArgument>
         <CommandLineArgument
            argument = "-bench"
            isEnabled = "NO">
         </CommandLineArgument>
         <CommandLineArgument
            argument = "-pgn /Users/nguyenpham/bsg/BanksiaMatch/db/mb-3.45.pgn"
            isEnabled = "NO">
         </CommandLineArgument>
         <CommandLineArgument
            argument = "-db /Users/nguyenpham/Downloads/345.ocgdb.db3"
            isEnabled = "NO">
         </CommandLineArgument>
         <CommandLineArgument
            argument = "-db /Users/nguyenpham/Downloads/mb-3.45.ocgdb.db3"
            isEnabled = "NO">
         </CommandLineArgument>
         <CommandLineArgument
            argument = "-pgn /Users/nguyenpham/Downloads/tmp.pgn"
            isEnabled = "NO">
         </CommandLineArgument>
         <CommandLineArgument
            argument = "-r /Users/nguyenpham/Downloads/r.txt"
            isEnabled = "NO">
         </CommandLineArgument>
         <CommandLineArgument
            argument = "-db :memory:"
            isEnabled = "NO">
         </CommandLineArgument>
         <CommandLineArgument
            argument = "-pgn /Users/nguyenpham/bsg/BanksiaMatch/db/lichess_db_standard_rated_2021-08.pgn"
            isEnabled = "NO">
         </CommandLineArgument>
         <CommandLineArgument
            argument = "-db /Users/nguyenpham/Downloads/lichess2021.ocgdb.db3"
            isEnabled = "NO">
         </CommandLineArgument>
         <CommandLineArgument
            argument = "-dup"
            isEnabled = "YES">
         </CommandLineArgument>
         <CommandLineArgument
            argument = "-r /Users/nguyenpham/Downloads/r.txt"
            isEnabled = "YES">
         </CommandLineArgument>
         <CommandLineArgument
            argument = "-plycount 40"
            isEnabled = "NO">
         </CommandLineArgument>
         <CommandLineArgument
            argument = "-o remove"
            isEnabled = "NO">
         </CommandLineArgument>
         <CommandLineArgument
            argument = "-q &quot;Q = 3&quot;"
            isEnabled = "NO">
         </CommandLineArgument>
         <CommandLineArgument
            argument = "-q &quot;P[d4, e5, f4, g4] = 4 and kb7&quot;"
            isEnabled = "NO">
         </CommandLineArgument>
         <CommandLineArgument
            argument = "-q &quot;white6 = 5&quot;"
            isEnabled = "NO">
         </CommandLineArgument>
         <CommandLineArgument
            argument = "-q &quot;white6 = 4&quot;"
            isEnabled = "NO">
         </CommandLineArgument>
         <CommandLineArgument
            argument = "-q &quot;fen[r2qkb1r/1p2nppp/p3p3/4Pb2/2BB4/P7/1P3PPP/RN1Q1RK1 b kq - 0 12]&quot;"
            isEnabled = "NO">
         </CommandLineArgument>
         <CommandLineArgument
            argument = "-q &quot;fen[rnbqkbnr/pp2pppp/2p5/3pP3/3P4/8/PPP2PPP/RNBQKBNR b KQkq - 0 3, rn1qkbnr/pp2pppp/2p5/3pPb2/3P4/5N2/PPP2PPP/RNBQKB1R b KQkq - 1 4]&quot;"
            isEnabled = "NO">
         </CommandLineArgument>
         <CommandLineArgument
            argument = "-q &quot;fen[K7/N7/k7/8/3p4/8/N7/8 w - - 0 1]&quot;"
            isEnabled = "NO">
         </CommandLineArgument>
         <CommandLineArgument
            argument = "-q &quot;4 == white6 // 4 white piece in row 6&quot;"
            isEnabled = "NO">
         </CommandLineArgument>
         <CommandLineArgument
            argument = "-g 55322"
            isEnabled = "NO">
         </CommandLineArgument>
         <CommandLineArgument
            argument = "-cpu 4"
            isEnabled = "YES">
         </CommandLineArgument>
         <CommandLineArgument
            argument = "-cpu 1"
            isEnabled = "NO">
         </CommandLineArgument>
         <CommandLineArgument
            argument = "-o moves;moves1;discardsites;printall;printfen;printpgn"
            isEnabled = "NO">
         </CommandLineArgument>
         <CommandLineArgument
            argument = "-o printall;printfen;printpgn"
            isEnabled = "NO">
         </CommandLineArgument>
         <CommandLineArgument
            argument = "-o printall"
            isEnabled = "NO">
         </CommandLineArgument>
         <CommandLineArgument
            argument = "-o moves"
            isEnabled = "NO">
         </CommandLineArgument>
         <CommandLineArgument
            argument = "-o moves1"
            isEnabled = "NO">
         </CommandLineArgument>
         <CommandLineArgument
            argument = "-o moves2"
            isEnabled = "NO">
         </CommandLineArgument>
         <CommandLineArgument
            argument = "-o acceptnewtags"
            isEnabled = "NO">
         </CommandLineArgument>
         <CommandLineArgument
            argument = "-o reseteco"
            isEnabled = "NO">
         </CommandLineArgument>
         <CommandLineArgument
            argument = "-o moves;moves2"
            isEnabled = "NO">
         </CommandLineArgument>
         <CommandLineArgument
            argument = "-debug"
            isEnabled = "YES">
         </CommandLineArgument>
         <CommandLineArgument
            argument = "-o embededgames"
            isEnabled = "YES">
         </CommandLineArgument>
         <CommandLineArgument
            argument = "-o remove"
            isEnabled = "YES">
         </CommandLineArgument>
         <CommandLineArgument
            argument = "-pgn /Users/nguyenpham/Downloads/60_games_with_doubles.pgn"
            isEnabled = "NO">
         </CommandLineArgument>
         <CommandLineArgument
            argument = "-db /Users/nguyenpham/Downloads/60_games_with_doubles.db3"
            isEnabled = "NO">
         </CommandLineArgument>
         <CommandLineArgument
            argument = "-pgn /Users/nguyenpham/Downloads/imbedded_duplicates.pgn"
            isEnabled = "NO">
         </CommandLineArgument>
         <CommandLineArgument
            argument = "-db /Users/nguyenpham/Downloads/imbedded_duplicates.db3"
            isEnabled = "YES">
         </CommandLineArgument>
         <CommandLineArgument
            argument = "-pgn /Users/nguyenpham/Downloads/t.pgn"
            isEnabled = "NO">
         </CommandLineArgument>
      </CommandLineArguments>
   </LaunchAction>
   <ProfileAction
      buildConfiguration = "Release"
      shouldUseLaunchSchemeArgsEnv = "YES"
      savedToolIdentifier = ""
      useCustomWorkingDirectory = "NO"
      debugDocumentVersioning = "YES">
      <BuildableProductRunnable
         runnableDebuggingMode = "0">
         <BuildableReference
            BuildableIdentifier = "primary"
            BlueprintIdentifier = "B189EA79272249F60075EA55"
            BuildableName = "ocgdb"
            BlueprintName = "ocgdb"
            ReferencedContainer = "container:ocgdb.xcodeproj">
         </BuildableReference>
      </BuildableProductRunnable>
   </ProfileAction>
   <AnalyzeAction
      buildConfiguration = "Debug">
   </AnalyzeAction>
   <ArchiveAction
      buildConfiguration = "Release"
      revealArchiveInOrganizer = "YES">
   </ArchiveAction>
</Scheme>
